PODS:
  - Flutter (1.0.0)
  - flutter_mongodb_realm (0.0.1):
    - Flutter
    - RealmSwift (= 10.27.0)
  - Realm (10.27.0):
    - Realm/Headers (= 10.27.0)
  - Realm/Headers (10.27.0)
  - RealmSwift (10.27.0):
    - Realm (= 10.27.0)
  - streams_channel (0.0.1):
    - Flutter

DEPENDENCIES:
  - Flutter (from `Flutter`)
  - flutter_mongodb_realm (from `.symlinks/plugins/flutter_mongodb_realm/ios`)
  - streams_channel (from `.symlinks/plugins/streams_channel/ios`)

SPEC REPOS:
  trunk:
    - Realm
    - RealmSwift

EXTERNAL SOURCES:
  Flutter:
    :path: Flutter
  flutter_mongodb_realm:
    :path: ".symlinks/plugins/flutter_mongodb_realm/ios"
  streams_channel:
    :path: ".symlinks/plugins/streams_channel/ios"

SPEC CHECKSUMS:
  Flutter: 50d75fe2f02b26cc09d224853bb45737f8b3214a
  flutter_mongodb_realm: 9a3e5a434e7491342ca1147c7ae76a2764a50c05
  Realm: 9ca328bd7e700cc19703799785e37f77d1a130f2
  RealmSwift: 271de77b09a73c5e46ee3252283878153bd5d288
  streams_channel: 16855ffd0568eded9563b2fec6a1bfa94420b353

PODFILE CHECKSUM: 86305cf86c5725d0610a25f12c28fc5a32082a06

COCOAPODS: 1.11.3
